
Microsoft Visual Studio Solution File, Format Version 12.00
# Visual Studio 2012
Project("{8BC9CEB8-8B4A-11D0-8D11-00A0C91BC942}") = "Lap4", "Lap4\Lap4.vcxproj", "{76F45639-6744-40D6-9E90-F420D909B8ED}"
EndProject
Global
	GlobalSection(SolutionConfigurationPlatforms) = preSolution
		Debug|Win32 = Debug|Win32
		Release|Win32 = Release|Win32
	EndGlobalSection
	GlobalSection(ProjectConfigurationPlatforms) = postSolution
		{76F45639-6744-40D6-9E90-F420D909B8ED}.Debug|Win32.ActiveCfg = Debug|Win32
		{76F45639-6744-40D6-9E90-F420D909B8ED}.Debug|Win32.Build.0 = Debug|Win32
		{76F45639-6744-40D6-9E90-F420D909B8ED}.Release|Win32.ActiveCfg = Release|Win32
		{76F45639-6744-40D6-9E90-F420D909B8ED}.Release|Win32.Build.0 = Release|Win32
	EndGlobalSection
	GlobalSection(SolutionProperties) = preSolution
		HideSolutionNode = FALSE
	EndGlobalSection
EndGlobal
